// !$*UTF8*$!
{
	archiveVersion = 1;
	classes = {
	};
	objectVersion = 52;
	objects = {

/* Begin PBXBuildFile section */
		83412C572549CDE900D14DA7 /* AppDelegate.swift in Sources */ = {isa = PBXBuildFile; fileRef = 83412C562549CDE900D14DA7 /* AppDelegate.swift */; };
		83412C592549CDE900D14DA7 /* SceneDelegate.swift in Sources */ = {isa = PBXBuildFile; fileRef = 83412C582549CDE900D14DA7 /* SceneDelegate.swift */; };
		83412C5E2549CDE900D14DA7 /* Main.storyboard in Resources */ = {isa = PBXBuildFile; fileRef = 83412C5C2549CDE900D14DA7 /* Main.storyboard */; };
		83412C602549CDEA00D14DA7 /* Assets.xcassets in Resources */ = {isa = PBXBuildFile; fileRef = 83412C5F2549CDEA00D14DA7 /* Assets.xcassets */; };
		83412C632549CDEA00D14DA7 /* LaunchScreen.storyboard in Resources */ = {isa = PBXBuildFile; fileRef = 83412C612549CDEA00D14DA7 /* LaunchScreen.storyboard */; };
		83412C7B2549EBFE00D14DA7 /* MainController.swift in Sources */ = {isa = PBXBuildFile; fileRef = 83412C7A2549EBFE00D14DA7 /* MainController.swift */; };
		83412C832549F03200D14DA7 /* Shabnam-Thin-FD.ttf in Resources */ = {isa = PBXBuildFile; fileRef = 83412C7E2549F03200D14DA7 /* Shabnam-Thin-FD.ttf */; };
		83412C842549F03200D14DA7 /* Shabnam-FD.ttf in Resources */ = {isa = PBXBuildFile; fileRef = 83412C7F2549F03200D14DA7 /* Shabnam-FD.ttf */; };
		83412C852549F03200D14DA7 /* Shabnam-Light-FD.ttf in Resources */ = {isa = PBXBuildFile; fileRef = 83412C802549F03200D14DA7 /* Shabnam-Light-FD.ttf */; };
		83412C862549F03200D14DA7 /* Shabnam-Bold-FD.ttf in Resources */ = {isa = PBXBuildFile; fileRef = 83412C812549F03200D14DA7 /* Shabnam-Bold-FD.ttf */; };
		83412C872549F03200D14DA7 /* Shabnam-Medium-FD.ttf in Resources */ = {isa = PBXBuildFile; fileRef = 83412C822549F03200D14DA7 /* Shabnam-Medium-FD.ttf */; };
		83412C8C2549F23700D14DA7 /* UIFont.swift in Sources */ = {isa = PBXBuildFile; fileRef = 83412C8B2549F23700D14DA7 /* UIFont.swift */; };
		83412C9D254B3ABE00D14DA7 /* PriceCardViewCell.swift in Sources */ = {isa = PBXBuildFile; fileRef = 83412C9B254B3ABE00D14DA7 /* PriceCardViewCell.swift */; };
		83412C9E254B3ABE00D14DA7 /* PriceCardViewCell.xib in Resources */ = {isa = PBXBuildFile; fileRef = 83412C9C254B3ABE00D14DA7 /* PriceCardViewCell.xib */; };
		834AD452254C73AC007F1E2B /* Constant.swift in Sources */ = {isa = PBXBuildFile; fileRef = 834AD451254C73AC007F1E2B /* Constant.swift */; };
		8398933625519034002BE935 /* CurrencyService.swift in Sources */ = {isa = PBXBuildFile; fileRef = 8398933525519034002BE935 /* CurrencyService.swift */; };
		839893632551D279002BE935 /* Alamofire in Frameworks */ = {isa = PBXBuildFile; productRef = 839893622551D279002BE935 /* Alamofire */; };
		839893662551D3D0002BE935 /* CurrencyModel.swift in Sources */ = {isa = PBXBuildFile; fileRef = 839893652551D3D0002BE935 /* CurrencyModel.swift */; };
		839893692551DB7F002BE935 /* CurrencyResponse.swift in Sources */ = {isa = PBXBuildFile; fileRef = 839893682551DB7F002BE935 /* CurrencyResponse.swift */; };
		83BD7C54255DA6640086E1F4 /* SkeletonView in Frameworks */ = {isa = PBXBuildFile; productRef = 83BD7C53255DA6640086E1F4 /* SkeletonView */; };
/* End PBXBuildFile section */

/* Begin PBXFileReference section */
		83412C532549CDE900D14DA7 /* Sarraf.app */ = {isa = PBXFileReference; explicitFileType = wrapper.application; includeInIndex = 0; path = Sarraf.app; sourceTree = BUILT_PRODUCTS_DIR; };
		83412C562549CDE900D14DA7 /* AppDelegate.swift */ = {isa = PBXFileReference; lastKnownFileType = sourcecode.swift; path = AppDelegate.swift; sourceTree = "<group>"; };
		83412C582549CDE900D14DA7 /* SceneDelegate.swift */ = {isa = PBXFileReference; lastKnownFileType = sourcecode.swift; path = SceneDelegate.swift; sourceTree = "<group>"; };
		83412C5D2549CDE900D14DA7 /* Base */ = {isa = PBXFileReference; lastKnownFileType = file.storyboard; name = Base; path = Base.lproj/Main.storyboard; sourceTree = "<group>"; };
		83412C5F2549CDEA00D14DA7 /* Assets.xcassets */ = {isa = PBXFileReference; lastKnownFileType = folder.assetcatalog; path = Assets.xcassets; sourceTree = "<group>"; };
		83412C622549CDEA00D14DA7 /* Base */ = {isa = PBXFileReference; lastKnownFileType = file.storyboard; name = Base; path = Base.lproj/LaunchScreen.storyboard; sourceTree = "<group>"; };
		83412C642549CDEA00D14DA7 /* Info.plist */ = {isa = PBXFileReference; lastKnownFileType = text.plist.xml; path = Info.plist; sourceTree = "<group>"; };
		83412C7A2549EBFE00D14DA7 /* MainController.swift */ = {isa = PBXFileReference; lastKnownFileType = sourcecode.swift; path = MainController.swift; sourceTree = "<group>"; };
		83412C7E2549F03200D14DA7 /* Shabnam-Thin-FD.ttf */ = {isa = PBXFileReference; lastKnownFileType = file; path = "Shabnam-Thin-FD.ttf"; sourceTree = "<group>"; };
		83412C7F2549F03200D14DA7 /* Shabnam-FD.ttf */ = {isa = PBXFileReference; lastKnownFileType = file; path = "Shabnam-FD.ttf"; sourceTree = "<group>"; };
		83412C802549F03200D14DA7 /* Shabnam-Light-FD.ttf */ = {isa = PBXFileReference; lastKnownFileType = file; path = "Shabnam-Light-FD.ttf"; sourceTree = "<group>"; };
		83412C812549F03200D14DA7 /* Shabnam-Bold-FD.ttf */ = {isa = PBXFileReference; lastKnownFileType = file; path = "Shabnam-Bold-FD.ttf"; sourceTree = "<group>"; };
		83412C822549F03200D14DA7 /* Shabnam-Medium-FD.ttf */ = {isa = PBXFileReference; lastKnownFileType = file; path = "Shabnam-Medium-FD.ttf"; sourceTree = "<group>"; };
		83412C8B2549F23700D14DA7 /* UIFont.swift */ = {isa = PBXFileReference; lastKnownFileType = sourcecode.swift; path = UIFont.swift; sourceTree = "<group>"; };
		83412C9B254B3ABE00D14DA7 /* PriceCardViewCell.swift */ = {isa = PBXFileReference; lastKnownFileType = sourcecode.swift; path = PriceCardViewCell.swift; sourceTree = "<group>"; };
		83412C9C254B3ABE00D14DA7 /* PriceCardViewCell.xib */ = {isa = PBXFileReference; lastKnownFileType = file.xib; path = PriceCardViewCell.xib; sourceTree = "<group>"; };
		834AD451254C73AC007F1E2B /* Constant.swift */ = {isa = PBXFileReference; lastKnownFileType = sourcecode.swift; path = Constant.swift; sourceTree = "<group>"; };
		8398933525519034002BE935 /* CurrencyService.swift */ = {isa = PBXFileReference; lastKnownFileType = sourcecode.swift; path = CurrencyService.swift; sourceTree = "<group>"; };
		839893652551D3D0002BE935 /* CurrencyModel.swift */ = {isa = PBXFileReference; lastKnownFileType = sourcecode.swift; path = CurrencyModel.swift; sourceTree = "<group>"; };
		839893682551DB7F002BE935 /* CurrencyResponse.swift */ = {isa = PBXFileReference; lastKnownFileType = sourcecode.swift; path = CurrencyResponse.swift; sourceTree = "<group>"; };
/* End PBXFileReference section */

/* Begin PBXFrameworksBuildPhase section */
		83412C502549CDE900D14DA7 /* Frameworks */ = {
			isa = PBXFrameworksBuildPhase;
			buildActionMask = 2147483647;
			files = (
				83BD7C54255DA6640086E1F4 /* SkeletonView in Frameworks */,
				839893632551D279002BE935 /* Alamofire in Frameworks */,
			);
			runOnlyForDeploymentPostprocessing = 0;
		};
/* End PBXFrameworksBuildPhase section */

/* Begin PBXGroup section */
		83412C4A2549CDE900D14DA7 = {
			isa = PBXGroup;
			children = (
				83412C552549CDE900D14DA7 /* Sarraf */,
				83412C542549CDE900D14DA7 /* Products */,
				83412C7D2549F01900D14DA7 /* Fonts */,
			);
			sourceTree = "<group>";
		};
		83412C542549CDE900D14DA7 /* Products */ = {
			isa = PBXGroup;
			children = (
				83412C532549CDE900D14DA7 /* Sarraf.app */,
			);
			name = Products;
			sourceTree = "<group>";
		};
		83412C552549CDE900D14DA7 /* Sarraf */ = {
			isa = PBXGroup;
			children = (
				83412C562549CDE900D14DA7 /* AppDelegate.swift */,
				83412C582549CDE900D14DA7 /* SceneDelegate.swift */,
				83412C8A2549F21300D14DA7 /* Extensions */,
				8398933425519014002BE935 /* Services */,
				83412C742549EAD200D14DA7 /* Controller */,
				83412C732549EACC00D14DA7 /* View */,
				83412C722549EAC200D14DA7 /* Model */,
				83412C5F2549CDEA00D14DA7 /* Assets.xcassets */,
				83412C642549CDEA00D14DA7 /* Info.plist */,
				834AD451254C73AC007F1E2B /* Constant.swift */,
			);
			path = Sarraf;
			sourceTree = "<group>";
		};
		83412C722549EAC200D14DA7 /* Model */ = {
			isa = PBXGroup;
			children = (
				839893652551D3D0002BE935 /* CurrencyModel.swift */,
			);
			path = Model;
			sourceTree = "<group>";
		};
		83412C732549EACC00D14DA7 /* View */ = {
			isa = PBXGroup;
			children = (
				8398932E25518F88002BE935 /* Component */,
				83412C5C2549CDE900D14DA7 /* Main.storyboard */,
				83412C612549CDEA00D14DA7 /* LaunchScreen.storyboard */,
			);
			path = View;
			sourceTree = "<group>";
		};
		83412C742549EAD200D14DA7 /* Controller */ = {
			isa = PBXGroup;
			children = (
				83412C7A2549EBFE00D14DA7 /* MainController.swift */,
			);
			path = Controller;
			sourceTree = "<group>";
		};
		83412C7D2549F01900D14DA7 /* Fonts */ = {
			isa = PBXGroup;
			children = (
				83412C812549F03200D14DA7 /* Shabnam-Bold-FD.ttf */,
				83412C7F2549F03200D14DA7 /* Shabnam-FD.ttf */,
				83412C802549F03200D14DA7 /* Shabnam-Light-FD.ttf */,
				83412C822549F03200D14DA7 /* Shabnam-Medium-FD.ttf */,
				83412C7E2549F03200D14DA7 /* Shabnam-Thin-FD.ttf */,
			);
			path = Fonts;
			sourceTree = "<group>";
		};
		83412C8A2549F21300D14DA7 /* Extensions */ = {
			isa = PBXGroup;
			children = (
				83412C8B2549F23700D14DA7 /* UIFont.swift */,
			);
			path = Extensions;
			sourceTree = "<group>";
		};
		83412C9A254B3A8700D14DA7 /* Price Cell */ = {
			isa = PBXGroup;
			children = (
				83412C9B254B3ABE00D14DA7 /* PriceCardViewCell.swift */,
				83412C9C254B3ABE00D14DA7 /* PriceCardViewCell.xib */,
			);
			path = "Price Cell";
			sourceTree = "<group>";
		};
		8398932E25518F88002BE935 /* Component */ = {
			isa = PBXGroup;
			children = (
				83412C9A254B3A8700D14DA7 /* Price Cell */,
			);
			path = Component;
			sourceTree = "<group>";
		};
		8398933425519014002BE935 /* Services */ = {
			isa = PBXGroup;
			children = (
				8398933525519034002BE935 /* CurrencyService.swift */,
				839893682551DB7F002BE935 /* CurrencyResponse.swift */,
			);
			path = Services;
			sourceTree = "<group>";
		};
/* End PBXGroup section */

/* Begin PBXNativeTarget section */
		83412C522549CDE900D14DA7 /* Sarraf */ = {
			isa = PBXNativeTarget;
			buildConfigurationList = 83412C672549CDEA00D14DA7 /* Build configuration list for PBXNativeTarget "Sarraf" */;
			buildPhases = (
				83412C4F2549CDE900D14DA7 /* Sources */,
				83412C502549CDE900D14DA7 /* Frameworks */,
				83412C512549CDE900D14DA7 /* Resources */,
			);
			buildRules = (
			);
			dependencies = (
			);
			name = Sarraf;
			packageProductDependencies = (
				839893622551D279002BE935 /* Alamofire */,
				83BD7C53255DA6640086E1F4 /* SkeletonView */,
			);
			productName = Sarraf;
			productReference = 83412C532549CDE900D14DA7 /* Sarraf.app */;
			productType = "com.apple.product-type.application";
		};
/* End PBXNativeTarget section */

/* Begin PBXProject section */
		83412C4B2549CDE900D14DA7 /* Project object */ = {
			isa = PBXProject;
			attributes = {
				LastSwiftUpdateCheck = 1200;
				LastUpgradeCheck = 1200;
				TargetAttributes = {
					83412C522549CDE900D14DA7 = {
						CreatedOnToolsVersion = 12.0.1;
					};
				};
			};
			buildConfigurationList = 83412C4E2549CDE900D14DA7 /* Build configuration list for PBXProject "Sarraf" */;
			compatibilityVersion = "Xcode 9.3";
			developmentRegion = en;
			hasScannedForEncodings = 0;
			knownRegions = (
				en,
				Base,
			);
			mainGroup = 83412C4A2549CDE900D14DA7;
			packageReferences = (
				839893612551D279002BE935 /* XCRemoteSwiftPackageReference "Alamofire" */,
				83BD7C52255DA6640086E1F4 /* XCRemoteSwiftPackageReference "SkeletonView" */,
			);
			productRefGroup = 83412C542549CDE900D14DA7 /* Products */;
			projectDirPath = "";
			projectRoot = "";
			targets = (
				83412C522549CDE900D14DA7 /* Sarraf */,
			);
		};
/* End PBXProject section */

/* Begin PBXResourcesBuildPhase section */
		83412C512549CDE900D14DA7 /* Resources */ = {
			isa = PBXResourcesBuildPhase;
			buildActionMask = 2147483647;
			files = (
				83412C872549F03200D14DA7 /* Shabnam-Medium-FD.ttf in Resources */,
				83412C832549F03200D14DA7 /* Shabnam-Thin-FD.ttf in Resources */,
				83412C842549F03200D14DA7 /* Shabnam-FD.ttf in Resources */,
				83412C862549F03200D14DA7 /* Shabnam-Bold-FD.ttf in Resources */,
				83412C852549F03200D14DA7 /* Shabnam-Light-FD.ttf in Resources */,
				83412C632549CDEA00D14DA7 /* LaunchScreen.storyboard in Resources */,
				83412C602549CDEA00D14DA7 /* Assets.xcassets in Resources */,
				83412C9E254B3ABE00D14DA7 /* PriceCardViewCell.xib in Resources */,
				83412C5E2549CDE900D14DA7 /* Main.storyboard in Resources */,
			);
			runOnlyForDeploymentPostprocessing = 0;
		};
/* End PBXResourcesBuildPhase section */

/* Begin PBXSourcesBuildPhase section */
		83412C4F2549CDE900D14DA7 /* Sources */ = {
			isa = PBXSourcesBuildPhase;
			buildActionMask = 2147483647;
			files = (
				839893692551DB7F002BE935 /* CurrencyResponse.swift in Sources */,
				83412C9D254B3ABE00D14DA7 /* PriceCardViewCell.swift in Sources */,
				83412C8C2549F23700D14DA7 /* UIFont.swift in Sources */,
				839893662551D3D0002BE935 /* CurrencyModel.swift in Sources */,
				83412C572549CDE900D14DA7 /* AppDelegate.swift in Sources */,
				83412C7B2549EBFE00D14DA7 /* MainController.swift in Sources */,
				8398933625519034002BE935 /* CurrencyService.swift in Sources */,
				83412C592549CDE900D14DA7 /* SceneDelegate.swift in Sources */,
				834AD452254C73AC007F1E2B /* Constant.swift in Sources */,
			);
			runOnlyForDeploymentPostprocessing = 0;
		};
/* End PBXSourcesBuildPhase section */

/* Begin PBXVariantGroup section */
		83412C5C2549CDE900D14DA7 /* Main.storyboard */ = {
			isa = PBXVariantGroup;
			children = (
				83412C5D2549CDE900D14DA7 /* Base */,
			);
			name = Main.storyboard;
			sourceTree = "<group>";
		};
		83412C612549CDEA00D14DA7 /* LaunchScreen.storyboard */ = {
			isa = PBXVariantGroup;
			children = (
				83412C622549CDEA00D14DA7 /* Base */,
			);
			name = LaunchScreen.storyboard;
			sourceTree = "<group>";
		};
/* End PBXVariantGroup section */

/* Begin XCBuildConfiguration section */
		83412C652549CDEA00D14DA7 /* Debug */ = {
			isa = XCBuildConfiguration;
			buildSettings = {
				ALWAYS_SEARCH_USER_PATHS = NO;
				CLANG_ANALYZER_NONNULL = YES;
				CLANG_ANALYZER_NUMBER_OBJECT_CONVERSION = YES_AGGRESSIVE;
				CLANG_CXX_LANGUAGE_STANDARD = "gnu++14";
				CLANG_CXX_LIBRARY = "libc++";
				CLANG_ENABLE_MODULES = YES;
				CLANG_ENABLE_OBJC_ARC = YES;
				CLANG_ENABLE_OBJC_WEAK = YES;
				CLANG_WARN_BLOCK_CAPTURE_AUTORELEASING = YES;
				CLANG_WARN_BOOL_CONVERSION = YES;
				CLANG_WARN_COMMA = YES;
				CLANG_WARN_CONSTANT_CONVERSION = YES;
				CLANG_WARN_DEPRECATED_OBJC_IMPLEMENTATIONS = YES;
				CLANG_WARN_DIRECT_OBJC_ISA_USAGE = YES_ERROR;
				CLANG_WARN_DOCUMENTATION_COMMENTS = YES;
				CLANG_WARN_EMPTY_BODY = YES;
				CLANG_WARN_ENUM_CONVERSION = YES;
				CLANG_WARN_INFINITE_RECURSION = YES;
				CLANG_WARN_INT_CONVERSION = YES;
				CLANG_WARN_NON_LITERAL_NULL_CONVERSION = YES;
				CLANG_WARN_OBJC_IMPLICIT_RETAIN_SELF = YES;
				CLANG_WARN_OBJC_LITERAL_CONVERSION = YES;
				CLANG_WARN_OBJC_ROOT_CLASS = YES_ERROR;
				CLANG_WARN_QUOTED_INCLUDE_IN_FRAMEWORK_HEADER = YES;
				CLANG_WARN_RANGE_LOOP_ANALYSIS = YES;
				CLANG_WARN_STRICT_PROTOTYPES = YES;
				CLANG_WARN_SUSPICIOUS_MOVE = YES;
				CLANG_WARN_UNGUARDED_AVAILABILITY = YES_AGGRESSIVE;
				CLANG_WARN_UNREACHABLE_CODE = YES;
				CLANG_WARN__DUPLICATE_METHOD_MATCH = YES;
				COPY_PHASE_STRIP = NO;
				DEBUG_INFORMATION_FORMAT = dwarf;
				ENABLE_STRICT_OBJC_MSGSEND = YES;
				ENABLE_TESTABILITY = YES;
				GCC_C_LANGUAGE_STANDARD = gnu11;
				GCC_DYNAMIC_NO_PIC = NO;
				GCC_NO_COMMON_BLOCKS = YES;
				GCC_OPTIMIZATION_LEVEL = 0;
				GCC_PREPROCESSOR_DEFINITIONS = (
					"DEBUG=1",
					"$(inherited)",
				);
				GCC_WARN_64_TO_32_BIT_CONVERSION = YES;
				GCC_WARN_ABOUT_RETURN_TYPE = YES_ERROR;
				GCC_WARN_UNDECLARED_SELECTOR = YES;
				GCC_WARN_UNINITIALIZED_AUTOS = YES_AGGRESSIVE;
				GCC_WARN_UNUSED_FUNCTION = YES;
				GCC_WARN_UNUSED_VARIABLE = YES;
				IPHONEOS_DEPLOYMENT_TARGET = 14.0;
				MTL_ENABLE_DEBUG_INFO = INCLUDE_SOURCE;
				MTL_FAST_MATH = YES;
				ONLY_ACTIVE_ARCH = YES;
				SDKROOT = iphoneos;
				SWIFT_ACTIVE_COMPILATION_CONDITIONS = DEBUG;
				SWIFT_OPTIMIZATION_LEVEL = "-Onone";
			};
			name = Debug;
		};
		83412C662549CDEA00D14DA7 /* Release */ = {
			isa = XCBuildConfiguration;
			buildSettings = {
				ALWAYS_SEARCH_USER_PATHS = NO;
				CLANG_ANALYZER_NONNULL = YES;
				CLANG_ANALYZER_NUMBER_OBJECT_CONVERSION = YES_AGGRESSIVE;
				CLANG_CXX_LANGUAGE_STANDARD = "gnu++14";
				CLANG_CXX_LIBRARY = "libc++";
				CLANG_ENABLE_MODULES = YES;
				CLANG_ENABLE_OBJC_ARC = YES;
				CLANG_ENABLE_OBJC_WEAK = YES;
				CLANG_WARN_BLOCK_CAPTURE_AUTORELEASING = YES;
				CLANG_WARN_BOOL_CONVERSION = YES;
				CLANG_WARN_COMMA = YES;
				CLANG_WARN_CONSTANT_CONVERSION = YES;
				CLANG_WARN_DEPRECATED_OBJC_IMPLEMENTATIONS = YES;
				CLANG_WARN_DIRECT_OBJC_ISA_USAGE = YES_ERROR;
				CLANG_WARN_DOCUMENTATION_COMMENTS = YES;
				CLANG_WARN_EMPTY_BODY = YES;
				CLANG_WARN_ENUM_CONVERSION = YES;
				CLANG_WARN_INFINITE_RECURSION = YES;
				CLANG_WARN_INT_CONVERSION = YES;
				CLANG_WARN_NON_LITERAL_NULL_CONVERSION = YES;
				CLANG_WARN_OBJC_IMPLICIT_RETAIN_SELF = YES;
				CLANG_WARN_OBJC_LITERAL_CONVERSION = YES;
				CLANG_WARN_OBJC_ROOT_CLASS = YES_ERROR;
				CLANG_WARN_QUOTED_INCLUDE_IN_FRAMEWORK_HEADER = YES;
				CLANG_WARN_RANGE_LOOP_ANALYSIS = YES;
				CLANG_WARN_STRICT_PROTOTYPES = YES;
				CLANG_WARN_SUSPICIOUS_MOVE = YES;
				CLANG_WARN_UNGUARDED_AVAILABILITY = YES_AGGRESSIVE;
				CLANG_WARN_UNREACHABLE_CODE = YES;
				CLANG_WARN__DUPLICATE_METHOD_MATCH = YES;
				COPY_PHASE_STRIP = NO;
				DEBUG_INFORMATION_FORMAT = "dwarf-with-dsym";
				ENABLE_NS_ASSERTIONS = NO;
				ENABLE_STRICT_OBJC_MSGSEND = YES;
				GCC_C_LANGUAGE_STANDARD = gnu11;
				GCC_NO_COMMON_BLOCKS = YES;
				GCC_WARN_64_TO_32_BIT_CONVERSION = YES;
				GCC_WARN_ABOUT_RETURN_TYPE = YES_ERROR;
				GCC_WARN_UNDECLARED_SELECTOR = YES;
				GCC_WARN_UNINITIALIZED_AUTOS = YES_AGGRESSIVE;
				GCC_WARN_UNUSED_FUNCTION = YES;
				GCC_WARN_UNUSED_VARIABLE = YES;
				IPHONEOS_DEPLOYMENT_TARGET = 14.0;
				MTL_ENABLE_DEBUG_INFO = NO;
				MTL_FAST_MATH = YES;
				SDKROOT = iphoneos;
				SWIFT_COMPILATION_MODE = wholemodule;
				SWIFT_OPTIMIZATION_LEVEL = "-O";
				VALIDATE_PRODUCT = YES;
			};
			name = Release;
		};
		83412C682549CDEA00D14DA7 /* Debug */ = {
			isa = XCBuildConfiguration;
			buildSettings = {
				ASSETCATALOG_COMPILER_APPICON_NAME = AppIcon;
				ASSETCATALOG_COMPILER_GLOBAL_ACCENT_COLOR_NAME = AccentColor;
				CODE_SIGN_STYLE = Automatic;
				DEVELOPMENT_TEAM = A68HUGZ3VD;
				INFOPLIST_FILE = Sarraf/Info.plist;
				LD_RUNPATH_SEARCH_PATHS = (
					"$(inherited)",
					"@executable_path/Frameworks",
				);
				PRODUCT_BUNDLE_IDENTIFIER = mariorover.com.Sarraf;
				PRODUCT_NAME = "$(TARGET_NAME)";
				SWIFT_VERSION = 5.0;
				TARGETED_DEVICE_FAMILY = "1,2";
			};
			name = Debug;
		};
		83412C692549CDEA00D14DA7 /* Release */ = {
			isa = XCBuildConfiguration;
			buildSettings = {
				ASSETCATALOG_COMPILER_APPICON_NAME = AppIcon;
				ASSETCATALOG_COMPILER_GLOBAL_ACCENT_COLOR_NAME = AccentColor;
				CODE_SIGN_STYLE = Automatic;
				DEVELOPMENT_TEAM = A68HUGZ3VD;
				INFOPLIST_FILE = Sarraf/Info.plist;
				LD_RUNPATH_SEARCH_PATHS = (
					"$(inherited)",
					"@executable_path/Frameworks",
				);
				PRODUCT_BUNDLE_IDENTIFIER = mariorover.com.Sarraf;
				PRODUCT_NAME = "$(TARGET_NAME)";
				SWIFT_VERSION = 5.0;
				TARGETED_DEVICE_FAMILY = "1,2";
			};
			name = Release;
		};
/* End XCBuildConfiguration section */

/* Begin XCConfigurationList section */
		83412C4E2549CDE900D14DA7 /* Build configuration list for PBXProject "Sarraf" */ = {
			isa = XCConfigurationList;
			buildConfigurations = (
				83412C652549CDEA00D14DA7 /* Debug */,
				83412C662549CDEA00D14DA7 /* Release */,
			);
			defaultConfigurationIsVisible = 0;
			defaultConfigurationName = Release;
		};
		83412C672549CDEA00D14DA7 /* Build configuration list for PBXNativeTarget "Sarraf" */ = {
			isa = XCConfigurationList;
			buildConfigurations = (
				83412C682549CDEA00D14DA7 /* Debug */,
				83412C692549CDEA00D14DA7 /* Release */,
			);
			defaultConfigurationIsVisible = 0;
			defaultConfigurationName = Release;
		};
/* End XCConfigurationList section */

/* Begin XCRemoteSwiftPackageReference section */
		839893612551D279002BE935 /* XCRemoteSwiftPackageReference "Alamofire" */ = {
			isa = XCRemoteSwiftPackageReference;
			repositoryURL = "https://github.com/Alamofire/Alamofire.git";
			requirement = {
				kind = upToNextMajorVersion;
				minimumVersion = 5.3.0;
			};
		};
		83BD7C52255DA6640086E1F4 /* XCRemoteSwiftPackageReference "SkeletonView" */ = {
			isa = XCRemoteSwiftPackageReference;
			repositoryURL = "https://github.com/Juanpe/SkeletonView.git";
			requirement = {
				kind = upToNextMajorVersion;
				minimumVersion = 1.11.0;
			};
		};
/* End XCRemoteSwiftPackageReference section */

/* Begin XCSwiftPackageProductDependency section */
		839893622551D279002BE935 /* Alamofire */ = {
			isa = XCSwiftPackageProductDependency;
			package = 839893612551D279002BE935 /* XCRemoteSwiftPackageReference "Alamofire" */;
			productName = Alamofire;
		};
		83BD7C53255DA6640086E1F4 /* SkeletonView */ = {
			isa = XCSwiftPackageProductDependency;
			package = 83BD7C52255DA6640086E1F4 /* XCRemoteSwiftPackageReference "SkeletonView" */;
			productName = SkeletonView;
		};
/* End XCSwiftPackageProductDependency section */
	};
	rootObject = 83412C4B2549CDE900D14DA7 /* Project object */;
}
